
Microsoft Visual Studio Solution File, Format Version 12.00
# Visual Studio Version 17
VisualStudioVersion = 17.3.32825.248
MinimumVisualStudioVersion = 10.0.40219.1
Project("{9A19103F-16F7-4668-BE54-9A1E7A4F7556}") = "Shell", "Shell\Shell.csproj", "{3977CB5B-AE6C-443A-B005-9BE1997A0C1E}"
EndProject
Project("{9A19103F-16F7-4668-BE54-9A1E7A4F7556}") = "Core", "Core\Core.csproj", "{589BCB52-0184-4C70-BD85-095C0755F536}"
EndProject
Project("{2150E333-8FDC-42A3-9474-1A3956D46DE8}") = "Solution Items", "Solution Items", "{650B41D2-EE63-457E-85C6-B401368D88AB}"
	ProjectSection(SolutionItems) = preProject
		README.md = README.md
	EndProjectSection
EndProject
Project("{9A19103F-16F7-4668-BE54-9A1E7A4F7556}") = "Commands", "Commands\Commands.csproj", "{AE8425C8-0F5B-4D39-85EE-D12941FF4E65}"
EndProject
Project("{9A19103F-16F7-4668-BE54-9A1E7A4F7556}") = "OpenAI.Api.Client", "OpenAI.Api.Client\OpenAI.Api.Client.csproj", "{248BCB40-5A91-4AAA-87B7-F8BA2BE0337E}"
EndProject
Project("{FAE04EC0-301F-11D3-BF4B-00C04F79EFBC}") = "OpenRouter", "OpenRouter\OpenRouter.csproj", "{1E558219-DE85-4BF8-81D9-890E47ECE4CB}"
EndProject
Project("{FAE04EC0-301F-11D3-BF4B-00C04F79EFBC}") = "OllamaInt", "OllamaInt\OllamaInt.csproj", "{C2208ED9-814F-4971-9AF0-E97352FC1821}"
EndProject
Project("{FAE04EC0-301F-11D3-BF4B-00C04F79EFBC}") = "xUninstaller", "xUninstaller\xUninstaller.csproj", "{7B98D3CC-11DE-4968-AB10-4C719F58CE81}"
EndProject
Global
	GlobalSection(SolutionConfigurationPlatforms) = preSolution
		Debug|Any CPU = Debug|Any CPU
		Debug|x64 = Debug|x64
		Release x64|Any CPU = Release x64|Any CPU
		Release x64|x64 = Release x64|x64
		Release|Any CPU = Release|Any CPU
		Release|x64 = Release|x64
	EndGlobalSection
	GlobalSection(ProjectConfigurationPlatforms) = postSolution
		{3977CB5B-AE6C-443A-B005-9BE1997A0C1E}.Debug|Any CPU.ActiveCfg = Debug|Any CPU
		{3977CB5B-AE6C-443A-B005-9BE1997A0C1E}.Debug|Any CPU.Build.0 = Debug|Any CPU
		{3977CB5B-AE6C-443A-B005-9BE1997A0C1E}.Debug|x64.ActiveCfg = Debug|x64
		{3977CB5B-AE6C-443A-B005-9BE1997A0C1E}.Debug|x64.Build.0 = Debug|x64
		{3977CB5B-AE6C-443A-B005-9BE1997A0C1E}.Release x64|Any CPU.ActiveCfg = Release|Any CPU
		{3977CB5B-AE6C-443A-B005-9BE1997A0C1E}.Release x64|Any CPU.Build.0 = Release|Any CPU
		{3977CB5B-AE6C-443A-B005-9BE1997A0C1E}.Release x64|x64.ActiveCfg = Release x64|x64
		{3977CB5B-AE6C-443A-B005-9BE1997A0C1E}.Release x64|x64.Build.0 = Release x64|x64
		{3977CB5B-AE6C-443A-B005-9BE1997A0C1E}.Release|Any CPU.ActiveCfg = Release|Any CPU
		{3977CB5B-AE6C-443A-B005-9BE1997A0C1E}.Release|Any CPU.Build.0 = Release|Any CPU
		{3977CB5B-AE6C-443A-B005-9BE1997A0C1E}.Release|x64.ActiveCfg = Release|x64
		{3977CB5B-AE6C-443A-B005-9BE1997A0C1E}.Release|x64.Build.0 = Release|x64
		{589BCB52-0184-4C70-BD85-095C0755F536}.Debug|Any CPU.ActiveCfg = Debug|Any CPU
		{589BCB52-0184-4C70-BD85-095C0755F536}.Debug|Any CPU.Build.0 = Debug|Any CPU
		{589BCB52-0184-4C70-BD85-095C0755F536}.Debug|x64.ActiveCfg = Debug|x64
		{589BCB52-0184-4C70-BD85-095C0755F536}.Debug|x64.Build.0 = Debug|x64
		{589BCB52-0184-4C70-BD85-095C0755F536}.Release x64|Any CPU.ActiveCfg = Release|Any CPU
		{589BCB52-0184-4C70-BD85-095C0755F536}.Release x64|Any CPU.Build.0 = Release|Any CPU
		{589BCB52-0184-4C70-BD85-095C0755F536}.Release x64|x64.ActiveCfg = Release x64|x64
		{589BCB52-0184-4C70-BD85-095C0755F536}.Release x64|x64.Build.0 = Release x64|x64
		{589BCB52-0184-4C70-BD85-095C0755F536}.Release|Any CPU.ActiveCfg = Release|Any CPU
		{589BCB52-0184-4C70-BD85-095C0755F536}.Release|Any CPU.Build.0 = Release|Any CPU
		{589BCB52-0184-4C70-BD85-095C0755F536}.Release|x64.ActiveCfg = Release|x64
		{589BCB52-0184-4C70-BD85-095C0755F536}.Release|x64.Build.0 = Release|x64
		{AE8425C8-0F5B-4D39-85EE-D12941FF4E65}.Debug|Any CPU.ActiveCfg = Debug|Any CPU
		{AE8425C8-0F5B-4D39-85EE-D12941FF4E65}.Debug|Any CPU.Build.0 = Debug|Any CPU
		{AE8425C8-0F5B-4D39-85EE-D12941FF4E65}.Debug|x64.ActiveCfg = x64|x64
		{AE8425C8-0F5B-4D39-85EE-D12941FF4E65}.Debug|x64.Build.0 = x64|x64
		{AE8425C8-0F5B-4D39-85EE-D12941FF4E65}.Release x64|Any CPU.ActiveCfg = Release|Any CPU
		{AE8425C8-0F5B-4D39-85EE-D12941FF4E65}.Release x64|Any CPU.Build.0 = Release|Any CPU
		{AE8425C8-0F5B-4D39-85EE-D12941FF4E65}.Release x64|x64.ActiveCfg = Release x64|x64
		{AE8425C8-0F5B-4D39-85EE-D12941FF4E65}.Release x64|x64.Build.0 = Release x64|x64
		{AE8425C8-0F5B-4D39-85EE-D12941FF4E65}.Release|Any CPU.ActiveCfg = Release|Any CPU
		{AE8425C8-0F5B-4D39-85EE-D12941FF4E65}.Release|Any CPU.Build.0 = Release|Any CPU
		{AE8425C8-0F5B-4D39-85EE-D12941FF4E65}.Release|x64.ActiveCfg = Release|x64
		{AE8425C8-0F5B-4D39-85EE-D12941FF4E65}.Release|x64.Build.0 = Release|x64
		{248BCB40-5A91-4AAA-87B7-F8BA2BE0337E}.Debug|Any CPU.ActiveCfg = Debug|Any CPU
		{248BCB40-5A91-4AAA-87B7-F8BA2BE0337E}.Debug|Any CPU.Build.0 = Debug|Any CPU
		{248BCB40-5A91-4AAA-87B7-F8BA2BE0337E}.Debug|x64.ActiveCfg = Debug|Any CPU
		{248BCB40-5A91-4AAA-87B7-F8BA2BE0337E}.Debug|x64.Build.0 = Debug|Any CPU
		{248BCB40-5A91-4AAA-87B7-F8BA2BE0337E}.Release x64|Any CPU.ActiveCfg = Release|Any CPU
		{248BCB40-5A91-4AAA-87B7-F8BA2BE0337E}.Release x64|Any CPU.Build.0 = Release|Any CPU
		{248BCB40-5A91-4AAA-87B7-F8BA2BE0337E}.Release x64|x64.ActiveCfg = Release|Any CPU
		{248BCB40-5A91-4AAA-87B7-F8BA2BE0337E}.Release x64|x64.Build.0 = Release|Any CPU
		{248BCB40-5A91-4AAA-87B7-F8BA2BE0337E}.Release|Any CPU.ActiveCfg = Release|Any CPU
		{248BCB40-5A91-4AAA-87B7-F8BA2BE0337E}.Release|Any CPU.Build.0 = Release|Any CPU
		{248BCB40-5A91-4AAA-87B7-F8BA2BE0337E}.Release|x64.ActiveCfg = Release|Any CPU
		{248BCB40-5A91-4AAA-87B7-F8BA2BE0337E}.Release|x64.Build.0 = Release|Any CPU
		{1E558219-DE85-4BF8-81D9-890E47ECE4CB}.Debug|Any CPU.ActiveCfg = Debug|Any CPU
		{1E558219-DE85-4BF8-81D9-890E47ECE4CB}.Debug|Any CPU.Build.0 = Debug|Any CPU
		{1E558219-DE85-4BF8-81D9-890E47ECE4CB}.Debug|x64.ActiveCfg = Debug|Any CPU
		{1E558219-DE85-4BF8-81D9-890E47ECE4CB}.Debug|x64.Build.0 = Debug|Any CPU
		{1E558219-DE85-4BF8-81D9-890E47ECE4CB}.Release x64|Any CPU.ActiveCfg = Release|Any CPU
		{1E558219-DE85-4BF8-81D9-890E47ECE4CB}.Release x64|Any CPU.Build.0 = Release|Any CPU
		{1E558219-DE85-4BF8-81D9-890E47ECE4CB}.Release x64|x64.ActiveCfg = Release|Any CPU
		{1E558219-DE85-4BF8-81D9-890E47ECE4CB}.Release x64|x64.Build.0 = Release|Any CPU
		{1E558219-DE85-4BF8-81D9-890E47ECE4CB}.Release|Any CPU.ActiveCfg = Release|Any CPU
		{1E558219-DE85-4BF8-81D9-890E47ECE4CB}.Release|Any CPU.Build.0 = Release|Any CPU
		{1E558219-DE85-4BF8-81D9-890E47ECE4CB}.Release|x64.ActiveCfg = Release|Any CPU
		{1E558219-DE85-4BF8-81D9-890E47ECE4CB}.Release|x64.Build.0 = Release|Any CPU
		{C2208ED9-814F-4971-9AF0-E97352FC1821}.Debug|Any CPU.ActiveCfg = Debug|Any CPU
		{C2208ED9-814F-4971-9AF0-E97352FC1821}.Debug|Any CPU.Build.0 = Debug|Any CPU
		{C2208ED9-814F-4971-9AF0-E97352FC1821}.Debug|x64.ActiveCfg = Debug|Any CPU
		{C2208ED9-814F-4971-9AF0-E97352FC1821}.Debug|x64.Build.0 = Debug|Any CPU
		{C2208ED9-814F-4971-9AF0-E97352FC1821}.Release x64|Any CPU.ActiveCfg = Release|Any CPU
		{C2208ED9-814F-4971-9AF0-E97352FC1821}.Release x64|Any CPU.Build.0 = Release|Any CPU
		{C2208ED9-814F-4971-9AF0-E97352FC1821}.Release x64|x64.ActiveCfg = Release|Any CPU
		{C2208ED9-814F-4971-9AF0-E97352FC1821}.Release x64|x64.Build.0 = Release|Any CPU
		{C2208ED9-814F-4971-9AF0-E97352FC1821}.Release|Any CPU.ActiveCfg = Release|Any CPU
		{C2208ED9-814F-4971-9AF0-E97352FC1821}.Release|Any CPU.Build.0 = Release|Any CPU
		{C2208ED9-814F-4971-9AF0-E97352FC1821}.Release|x64.ActiveCfg = Release|Any CPU
		{C2208ED9-814F-4971-9AF0-E97352FC1821}.Release|x64.Build.0 = Release|Any CPU
		{7B98D3CC-11DE-4968-AB10-4C719F58CE81}.Debug|Any CPU.ActiveCfg = Debug|Any CPU
		{7B98D3CC-11DE-4968-AB10-4C719F58CE81}.Debug|Any CPU.Build.0 = Debug|Any CPU
		{7B98D3CC-11DE-4968-AB10-4C719F58CE81}.Debug|x64.ActiveCfg = Debug|Any CPU
		{7B98D3CC-11DE-4968-AB10-4C719F58CE81}.Debug|x64.Build.0 = Debug|Any CPU
		{7B98D3CC-11DE-4968-AB10-4C719F58CE81}.Release x64|Any CPU.ActiveCfg = Release|Any CPU
		{7B98D3CC-11DE-4968-AB10-4C719F58CE81}.Release x64|Any CPU.Build.0 = Release|Any CPU
		{7B98D3CC-11DE-4968-AB10-4C719F58CE81}.Release x64|x64.ActiveCfg = Release|Any CPU
		{7B98D3CC-11DE-4968-AB10-4C719F58CE81}.Release x64|x64.Build.0 = Release|Any CPU
		{7B98D3CC-11DE-4968-AB10-4C719F58CE81}.Release|Any CPU.ActiveCfg = Release|Any CPU
		{7B98D3CC-11DE-4968-AB10-4C719F58CE81}.Release|Any CPU.Build.0 = Release|Any CPU
		{7B98D3CC-11DE-4968-AB10-4C719F58CE81}.Release|x64.ActiveCfg = Release|Any CPU
		{7B98D3CC-11DE-4968-AB10-4C719F58CE81}.Release|x64.Build.0 = Release|Any CPU
	EndGlobalSection
	GlobalSection(SolutionProperties) = preSolution
		HideSolutionNode = FALSE
	EndGlobalSection
	GlobalSection(ExtensibilityGlobals) = postSolution
		SolutionGuid = {CD324BBB-96BC-4EE3-AE43-BB27E6D7016A}
	EndGlobalSection
EndGlobal
