
Microsoft Visual Studio Solution File, Format Version 12.00
# Visual Studio Version 16
VisualStudioVersion = 16.0.30104.148
MinimumVisualStudioVersion = 10.0.40219.1
Project("{FAE04EC0-301F-11D3-BF4B-00C04F79EFBC}") = "Shell", "Shell\Shell.csproj", "{3977CB5B-AE6C-443A-B005-9BE1997A0C1E}"
EndProject
Project("{FAE04EC0-301F-11D3-BF4B-00C04F79EFBC}") = "Core", "Core\Core.csproj", "{589BCB52-0184-4C70-BD85-095C0755F536}"
EndProject
Project("{9A19103F-16F7-4668-BE54-9A1E7A4F7556}") = "SpeedTest", "speedtest\SpeedTest.Net\SpeedTest\SpeedTest.csproj", "{CBDD16EE-3CA8-4F01-88CA-E46CF7B27D76}"
EndProject
Project("{2150E333-8FDC-42A3-9474-1A3956D46DE8}") = "Solution Items", "Solution Items", "{650B41D2-EE63-457E-85C6-B401368D88AB}"
	ProjectSection(SolutionItems) = preProject
		README.md = README.md
	EndProjectSection
EndProject
Project("{FAE04EC0-301F-11D3-BF4B-00C04F79EFBC}") = "Commands", "Commands\Commands.csproj", "{AE8425C8-0F5B-4D39-85EE-D12941FF4E65}"
EndProject
Project("{9A19103F-16F7-4668-BE54-9A1E7A4F7556}") = "SpeedTest.Client", "speedtest\SpeedTest.Net\SpeedTest.Client\SpeedTest.Client.csproj", "{A651297F-AB74-4EAF-B890-FF1267B0FB90}"
EndProject
Global
	GlobalSection(SolutionConfigurationPlatforms) = preSolution
		Debug|Any CPU = Debug|Any CPU
		Release|Any CPU = Release|Any CPU
	EndGlobalSection
	GlobalSection(ProjectConfigurationPlatforms) = postSolution
		{3977CB5B-AE6C-443A-B005-9BE1997A0C1E}.Debug|Any CPU.ActiveCfg = Debug|Any CPU
		{3977CB5B-AE6C-443A-B005-9BE1997A0C1E}.Debug|Any CPU.Build.0 = Debug|Any CPU
		{3977CB5B-AE6C-443A-B005-9BE1997A0C1E}.Release|Any CPU.ActiveCfg = Release|Any CPU
		{3977CB5B-AE6C-443A-B005-9BE1997A0C1E}.Release|Any CPU.Build.0 = Release|Any CPU
		{589BCB52-0184-4C70-BD85-095C0755F536}.Debug|Any CPU.ActiveCfg = Debug|Any CPU
		{589BCB52-0184-4C70-BD85-095C0755F536}.Debug|Any CPU.Build.0 = Debug|Any CPU
		{589BCB52-0184-4C70-BD85-095C0755F536}.Release|Any CPU.ActiveCfg = Release|Any CPU
		{589BCB52-0184-4C70-BD85-095C0755F536}.Release|Any CPU.Build.0 = Release|Any CPU
		{CBDD16EE-3CA8-4F01-88CA-E46CF7B27D76}.Debug|Any CPU.ActiveCfg = Debug|Any CPU
		{CBDD16EE-3CA8-4F01-88CA-E46CF7B27D76}.Debug|Any CPU.Build.0 = Debug|Any CPU
		{CBDD16EE-3CA8-4F01-88CA-E46CF7B27D76}.Release|Any CPU.ActiveCfg = Release|Any CPU
		{CBDD16EE-3CA8-4F01-88CA-E46CF7B27D76}.Release|Any CPU.Build.0 = Release|Any CPU
		{AE8425C8-0F5B-4D39-85EE-D12941FF4E65}.Debug|Any CPU.ActiveCfg = Debug|Any CPU
		{AE8425C8-0F5B-4D39-85EE-D12941FF4E65}.Debug|Any CPU.Build.0 = Debug|Any CPU
		{AE8425C8-0F5B-4D39-85EE-D12941FF4E65}.Release|Any CPU.ActiveCfg = Release|Any CPU
		{AE8425C8-0F5B-4D39-85EE-D12941FF4E65}.Release|Any CPU.Build.0 = Release|Any CPU
		{A651297F-AB74-4EAF-B890-FF1267B0FB90}.Debug|Any CPU.ActiveCfg = Debug|Any CPU
		{A651297F-AB74-4EAF-B890-FF1267B0FB90}.Debug|Any CPU.Build.0 = Debug|Any CPU
		{A651297F-AB74-4EAF-B890-FF1267B0FB90}.Release|Any CPU.ActiveCfg = Release|Any CPU
		{A651297F-AB74-4EAF-B890-FF1267B0FB90}.Release|Any CPU.Build.0 = Release|Any CPU
	EndGlobalSection
	GlobalSection(SolutionProperties) = preSolution
		HideSolutionNode = FALSE
	EndGlobalSection
	GlobalSection(ExtensibilityGlobals) = postSolution
		SolutionGuid = {CD324BBB-96BC-4EE3-AE43-BB27E6D7016A}
	EndGlobalSection
EndGlobal
